# This file is automatically @generated by Cargo.
# It is not intended for manual editing.
version = 4

[[package]]
name = "selar"
version = "0.1.0"
dependencies = [
 "selelf",
]

[[package]]
name = "selas"
version = "0.1.0"
dependencies = [
 "selelf",
 "selinstr",
]

[[package]]
name = "selcc"
version = "0.1.0"
dependencies = [
 "selas",
 "seld",
 "selelf",
 "selinstr",
]

[[package]]
name = "seld"
version = "0.1.0"
dependencies = [
 "selelf",
]

[[package]]
name = "seldump"
version = "0.1.0"
dependencies = [
 "selelf",
 "selinstr",
]

[[package]]
name = "selelf"
version = "0.1.0"

[[package]]
name = "selhex"
version = "0.1.0"
dependencies = [
 "selelf",
]

[[package]]
name = "selinit"
version = "0.1.0"
dependencies = [
 "selelf",
]

[[package]]
name = "selinstr"
version = "0.1.0"

[[package]]
name = "selload"
version = "0.1.0"
dependencies = [
 "selelf",
 "selinstr",
]

[[package]]
name = "selmem"
version = "0.1.0"
dependencies = [
 "selelf",
]

[[package]]
name = "selpatch"
version = "0.1.0"
dependencies = [
 "selelf",
]

[[package]]
name = "selsyms"
version = "0.1.0"
dependencies = [
 "selelf",
]
